<?xml version="1.0" encoding="utf-8"?>
<Project xmlns="http://schemas.microsoft.com/developer/msbuild/2003">
  <PropertyGroup>
    <ProjectGuid>{ce3ee3b6-1ade-40a0-ab4d-e9e51b970d94}</ProjectGuid>
    <MainSource>DictionaryEditor.dpr</MainSource>
    <Configuration Condition=" '$(Configuration)' == '' ">Debug</Configuration>
    <Platform Condition=" '$(Platform)' == '' ">AnyCPU</Platform>
    <DCC_DCCCompiler>DCC32</DCC_DCCCompiler>
    <DCC_DependencyCheckOutputName>DictionaryEditor.exe</DCC_DependencyCheckOutputName>
  </PropertyGroup>
  <PropertyGroup Condition=" '$(Configuration)|$(Platform)' == 'Release|AnyCPU' ">
    <Version>7.0</Version>
    <DCC_DebugInformation>False</DCC_DebugInformation>
    <DCC_LocalDebugSymbols>False</DCC_LocalDebugSymbols>
    <DCC_IntegerOverflowCheck>True</DCC_IntegerOverflowCheck>
    <DCC_RangeChecking>True</DCC_RangeChecking>
    <DCC_PentiumSafeDivide>True</DCC_PentiumSafeDivide>
    <DCC_SymbolReferenceInfo>0</DCC_SymbolReferenceInfo>
    <DCC_StackSize>65536,65536</DCC_StackSize>
    <DCC_ImageBase>100000</DCC_ImageBase>
    <DCC_Define>RELEASE</DCC_Define>
  </PropertyGroup>
  <PropertyGroup Condition=" '$(Configuration)|$(Platform)' == 'Debug|AnyCPU' ">
    <Version>7.0</Version>
    <DCC_IntegerOverflowCheck>True</DCC_IntegerOverflowCheck>
    <DCC_RangeChecking>True</DCC_RangeChecking>
    <DCC_PentiumSafeDivide>True</DCC_PentiumSafeDivide>
    <DCC_StackSize>65536,65536</DCC_StackSize>
    <DCC_ImageBase>100000</DCC_ImageBase>
    <DCC_Define>DEBUG</DCC_Define>
  </PropertyGroup>
  <ProjectExtensions>
    <Borland.Personality>Delphi.Personality</Borland.Personality>
    <Borland.ProjectType>VCLApplication</Borland.ProjectType>
    <BorlandProject>
<BorlandProject><Delphi.Personality><Parameters><Parameters Name="RunParams">-l eva -p 123 -d klepov:1521:STARNEW -e -a -t -k -otd 62</Parameters><Parameters Name="UseLauncher">False</Parameters><Parameters Name="LoadAllSymbols">True</Parameters><Parameters Name="LoadUnspecifiedSymbols">False</Parameters></Parameters><Language><Language Name="RootDir">C:\Program Files\Borland\Delphi7\Bin\</Language></Language><VersionInfo><VersionInfo Name="IncludeVerInfo">True</VersionInfo><VersionInfo Name="AutoIncBuild">False</VersionInfo><VersionInfo Name="MajorVer">4</VersionInfo><VersionInfo Name="MinorVer">0</VersionInfo><VersionInfo Name="Release">0</VersionInfo><VersionInfo Name="Build">50</VersionInfo><VersionInfo Name="Debug">False</VersionInfo><VersionInfo Name="PreRelease">False</VersionInfo><VersionInfo Name="Special">False</VersionInfo><VersionInfo Name="Private">False</VersionInfo><VersionInfo Name="DLL">False</VersionInfo><VersionInfo Name="Locale">1049</VersionInfo><VersionInfo Name="CodePage">1251</VersionInfo></VersionInfo><VersionInfoKeys><VersionInfoKeys Name="CompanyName"></VersionInfoKeys><VersionInfoKeys Name="FileDescription"></VersionInfoKeys><VersionInfoKeys Name="FileVersion">4.0.0.50</VersionInfoKeys><VersionInfoKeys Name="InternalName"></VersionInfoKeys><VersionInfoKeys Name="LegalCopyright"></VersionInfoKeys><VersionInfoKeys Name="LegalTrademarks"></VersionInfoKeys><VersionInfoKeys Name="OriginalFilename"></VersionInfoKeys><VersionInfoKeys Name="ProductName"></VersionInfoKeys><VersionInfoKeys Name="ProductVersion">4.0.0.0</VersionInfoKeys><VersionInfoKeys Name="Comments"></VersionInfoKeys></VersionInfoKeys><Source><Source Name="MainSource">DictionaryEditor.dpr</Source></Source><Excluded_Packages>
      
      
      
      
      <Excluded_Packages Name="$(BDS)\bin\dcloffice2k100.bpl">Microsoft Office 2000 Sample Automation Server Wrapper Components</Excluded_Packages>
      <Excluded_Packages Name="$(BDS)\bin\dclofficexp100.bpl">Microsoft Office XP Sample Automation Server Wrapper Components</Excluded_Packages>
    </Excluded_Packages></Delphi.Personality></BorlandProject></BorlandProject>
  </ProjectExtensions>
  <Import Project="$(MSBuildBinPath)\Borland.Delphi.Targets" />
  <ItemGroup>
    <DelphiCompile Include="DictionaryEditor.dpr">
      <MainSource>MainSource</MainSource>
    </DelphiCompile>
    <DCCReference Include="AddSpecU.pas">
      <Form>AddSpec</Form>
    </DCCReference>
    <DCCReference Include="DataModule.pas">
      <Form>DM</Form>
      <DesignClass>TDataModule</DesignClass>
    </DCCReference>
    <DCCReference Include="Edit.pas">
      <Form>EditForm</Form>
    </DCCReference>
    <DCCReference Include="EditDicts.pas">
      <Form>DictsEdit</Form>
    </DCCReference>
    <DCCReference Include="EditEverythingElse.pas">
      <Form>EEEdit</Form>
    </DCCReference>
    <DCCReference Include="Globals.pas" />
    <DCCReference Include="NewDict.pas">
      <Form>NewD</Form>
    </DCCReference>
    <DCCReference Include="SetParsU.pas">
      <Form>SetParsF</Form>
    </DCCReference>
    <DCCReference Include="UChoiseType.pas">
      <Form>frm_choise_type</Form>
    </DCCReference>
    <DCCReference Include="UEditForm.pas">
      <Form>frm_editform</Form>
    </DCCReference>
    <DCCReference Include="UFullInfo.pas">
      <Form>frm_full_info</Form>
    </DCCReference>
    <DCCReference Include="UHelp.pas">
      <Form>frm_help</Form>
    </DCCReference>
    <DCCReference Include="UShowText.pas">
      <Form>frmShowText</Form>
    </DCCReference>
    <DCCReference Include="USyncVolume.pas">
      <Form>frmSyncVolume</Form>
    </DCCReference>
  </ItemGroup>
</Project>