<?xml version="1.0" encoding="utf-8"?>
<Project xmlns="http://schemas.microsoft.com/developer/msbuild/2003">
  <PropertyGroup>
    <ProjectGuid>{e5e71826-e2fe-45af-aa89-4d7f836e16b9}</ProjectGuid>
    <MainSource>PriceList.dpr</MainSource>
    <Configuration Condition=" '$(Configuration)' == '' ">Debug</Configuration>
    <Platform Condition=" '$(Platform)' == '' ">AnyCPU</Platform>
    <DCC_DCCCompiler>DCC32</DCC_DCCCompiler>
    <DCC_DependencyCheckOutputName>PriceList.exe</DCC_DependencyCheckOutputName>
  </PropertyGroup>
  <PropertyGroup Condition=" '$(Configuration)|$(Platform)' == 'Release|AnyCPU' ">
    <Version>7.0</Version>
    <DCC_DebugInformation>False</DCC_DebugInformation>
    <DCC_LocalDebugSymbols>False</DCC_LocalDebugSymbols>
    <DCC_SymbolReferenceInfo>0</DCC_SymbolReferenceInfo>
    <DCC_Define>RELEASE</DCC_Define>
  </PropertyGroup>
  <PropertyGroup Condition=" '$(Configuration)|$(Platform)' == 'Debug|AnyCPU' ">
    <Version>7.0</Version>
    <DCC_Define>DEBUG</DCC_Define>
  </PropertyGroup>
  <ProjectExtensions>
    <Borland.Personality>Delphi.Personality</Borland.Personality>
    <Borland.ProjectType>VCLApplication</Borland.ProjectType>
    <BorlandProject>
<BorlandProject><Delphi.Personality><Parameters><Parameters Name="RunParams">-l eva -p 123 -d klepov:1521:STARreg -e -a -t -k -otd 62</Parameters><Parameters Name="UseLauncher">False</Parameters><Parameters Name="LoadAllSymbols">True</Parameters><Parameters Name="LoadUnspecifiedSymbols">False</Parameters></Parameters><VersionInfo><VersionInfo Name="IncludeVerInfo">True</VersionInfo><VersionInfo Name="AutoIncBuild">False</VersionInfo><VersionInfo Name="MajorVer">2</VersionInfo><VersionInfo Name="MinorVer">0</VersionInfo><VersionInfo Name="Release">0</VersionInfo><VersionInfo Name="Build">129</VersionInfo><VersionInfo Name="Debug">False</VersionInfo><VersionInfo Name="PreRelease">False</VersionInfo><VersionInfo Name="Special">False</VersionInfo><VersionInfo Name="Private">False</VersionInfo><VersionInfo Name="DLL">False</VersionInfo><VersionInfo Name="Locale">1049</VersionInfo><VersionInfo Name="CodePage">1251</VersionInfo></VersionInfo><VersionInfoKeys><VersionInfoKeys Name="CompanyName"></VersionInfoKeys><VersionInfoKeys Name="FileDescription"></VersionInfoKeys><VersionInfoKeys Name="FileVersion">2.0.0.129</VersionInfoKeys><VersionInfoKeys Name="InternalName"></VersionInfoKeys><VersionInfoKeys Name="LegalCopyright"></VersionInfoKeys><VersionInfoKeys Name="LegalTrademarks"></VersionInfoKeys><VersionInfoKeys Name="OriginalFilename"></VersionInfoKeys><VersionInfoKeys Name="ProductName"></VersionInfoKeys><VersionInfoKeys Name="ProductVersion">1.0.0.0</VersionInfoKeys><VersionInfoKeys Name="Comments"></VersionInfoKeys></VersionInfoKeys><Source><Source Name="MainSource">PriceList.dpr</Source></Source><Excluded_Packages>
      
      
      
      
      
      
      
      
      
      
      
      
      
      
      
      
      <Excluded_Packages Name="$(BDS)\bin\dcloffice2k100.bpl">Microsoft Office 2000 Sample Automation Server Wrapper Components</Excluded_Packages>
      <Excluded_Packages Name="$(BDS)\bin\dclofficexp100.bpl">Microsoft Office XP Sample Automation Server Wrapper Components</Excluded_Packages>
    </Excluded_Packages></Delphi.Personality></BorlandProject></BorlandProject>
  </ProjectExtensions>
  <Import Project="$(MSBuildBinPath)\Borland.Delphi.Targets" />
  <ItemGroup>
    <DelphiCompile Include="PriceList.dpr">
      <MainSource>MainSource</MainSource>
    </DelphiCompile>
    <DCCReference Include="ChangeParamsU.pas">
      <Form>ChangeParamsF</Form>
    </DCCReference>
    <DCCReference Include="DataModule.pas">
      <Form>DM</Form>
      <DesignClass>TDataModule</DesignClass>
    </DCCReference>
    <DCCReference Include="Globals.pas" />
    <DCCReference Include="InvoChooseU.pas">
      <Form>InvoChoose</Form>
    </DCCReference>
    <DCCReference Include="PreparePrintU.pas">
      <Form>PreparePrintF</Form>
    </DCCReference>
    <DCCReference Include="PriceU.pas">
      <Form>PriceF</Form>
    </DCCReference>
    <DCCReference Include="print_f.pas">
      <Form>printf</Form>
    </DCCReference>
    <DCCReference Include="StartU.pas">
      <Form>StartF</Form>
    </DCCReference>
    <DCCReference Include="StockLoadOptsU.pas">
      <Form>StockLoadOptsF</Form>
    </DCCReference>
    <DCCReference Include="UaddSpecOrder.pas">
      <Form>frmAddSpecOrder</Form>
    </DCCReference>
    <DCCReference Include="UChoiseType.pas">
      <Form>frm_choise_type</Form>
    </DCCReference>
    <DCCReference Include="UClientList.pas">
      <Form>frmClientList</Form>
    </DCCReference>
    <DCCReference Include="UClientSale.pas">
      <Form>frmClientSales</Form>
    </DCCReference>
    <DCCReference Include="UEditPercent.pas">
      <Form>frmEditPercent</Form>
    </DCCReference>
    <DCCReference Include="UEditWebShop.pas">
      <Form>frmEditWebShop</Form>
    </DCCReference>
    <DCCReference Include="UNacenka.pas">
      <Form>frmPrice</Form>
    </DCCReference>
    <DCCReference Include="UOldPrice.pas">
      <Form>frmOldPrice</Form>
    </DCCReference>
    <DCCReference Include="UPriceArchive.pas">
      <Form>frmPriceArchive</Form>
    </DCCReference>
    <DCCReference Include="UPriceStatistic.pas">
      <Form>frmPriceStatisitic</Form>
    </DCCReference>
    <DCCReference Include="USpecOrder.pas">
      <Form>frmSpecOrder</Form>
    </DCCReference>
    <DCCReference Include="UStat.pas">
      <Form>frm_stat</Form>
    </DCCReference>
    <DCCReference Include="UTruckSale.pas">
      <Form>frmTruckSale</Form>
    </DCCReference>
    <DCCReference Include="WhatToDoU.pas">
      <Form>WhatToDo</Form>
    </DCCReference>
  </ItemGroup>
</Project>