<?xml version="1.0" encoding="utf-8"?>
<Project xmlns="http://schemas.microsoft.com/developer/msbuild/2003">
  <PropertyGroup>
    <ProjectGuid>{ed03c0ca-9e4a-44d1-98c6-6fa25e554971}</ProjectGuid>
    <MainSource>kass_svod.dpr</MainSource>
    <Configuration Condition=" '$(Configuration)' == '' ">Debug</Configuration>
    <Platform Condition=" '$(Platform)' == '' ">AnyCPU</Platform>
    <DCC_DCCCompiler>DCC32</DCC_DCCCompiler>
    <DCC_DependencyCheckOutputName>kass_svod.exe</DCC_DependencyCheckOutputName>
  </PropertyGroup>
  <PropertyGroup Condition=" '$(Configuration)|$(Platform)' == 'Release|AnyCPU' ">
    <Version>7.0</Version>
    <DCC_DebugInformation>False</DCC_DebugInformation>
    <DCC_LocalDebugSymbols>False</DCC_LocalDebugSymbols>
    <DCC_SymbolReferenceInfo>0</DCC_SymbolReferenceInfo>
    <DCC_Define>RELEASE</DCC_Define>
    <DCC_UNSAFE_TYPE>True</DCC_UNSAFE_TYPE>
    <DCC_UNSAFE_CODE>True</DCC_UNSAFE_CODE>
    <DCC_UNSAFE_CAST>True</DCC_UNSAFE_CAST>
  </PropertyGroup>
  <PropertyGroup Condition=" '$(Configuration)|$(Platform)' == 'Debug|AnyCPU' ">
    <Version>7.0</Version>
    <DCC_Define>DEBUG</DCC_Define>
    <DCC_UNSAFE_TYPE>True</DCC_UNSAFE_TYPE>
    <DCC_UNSAFE_CODE>True</DCC_UNSAFE_CODE>
    <DCC_UNSAFE_CAST>True</DCC_UNSAFE_CAST>
  </PropertyGroup>
  <ProjectExtensions>
    <Borland.Personality>Delphi.Personality</Borland.Personality>
    <Borland.ProjectType>VCLApplication</Borland.ProjectType>
    <BorlandProject>
<BorlandProject><Delphi.Personality><Parameters><Parameters Name="RunParams">-l eva -p 123 -d klepov:1521:STARNEW -e -a -t -k -otd 61</Parameters><Parameters Name="DebugSourceDirs">C:\Program Files\Borland\FastReports\FastReport 3\FastScript\</Parameters><Parameters Name="UseLauncher">False</Parameters><Parameters Name="LoadAllSymbols">True</Parameters><Parameters Name="LoadUnspecifiedSymbols">False</Parameters></Parameters><VersionInfo><VersionInfo Name="IncludeVerInfo">True</VersionInfo><VersionInfo Name="AutoIncBuild">False</VersionInfo><VersionInfo Name="MajorVer">1</VersionInfo><VersionInfo Name="MinorVer">1</VersionInfo><VersionInfo Name="Release">2</VersionInfo><VersionInfo Name="Build">103</VersionInfo><VersionInfo Name="Debug">False</VersionInfo><VersionInfo Name="PreRelease">False</VersionInfo><VersionInfo Name="Special">False</VersionInfo><VersionInfo Name="Private">False</VersionInfo><VersionInfo Name="DLL">False</VersionInfo><VersionInfo Name="Locale">1049</VersionInfo><VersionInfo Name="CodePage">1251</VersionInfo></VersionInfo><VersionInfoKeys><VersionInfoKeys Name="CompanyName"></VersionInfoKeys><VersionInfoKeys Name="FileDescription"></VersionInfoKeys><VersionInfoKeys Name="FileVersion">1.1.2.103</VersionInfoKeys><VersionInfoKeys Name="InternalName"></VersionInfoKeys><VersionInfoKeys Name="LegalCopyright"></VersionInfoKeys><VersionInfoKeys Name="LegalTrademarks"></VersionInfoKeys><VersionInfoKeys Name="OriginalFilename"></VersionInfoKeys><VersionInfoKeys Name="ProductName"></VersionInfoKeys><VersionInfoKeys Name="ProductVersion">1.0.0.0</VersionInfoKeys><VersionInfoKeys Name="Comments"></VersionInfoKeys></VersionInfoKeys><Source><Source Name="MainSource">kass_svod.dpr</Source></Source><Excluded_Packages>
      
      
      
      <Excluded_Packages Name="C:\Documents and Settings\All Users\Документы\RAD Studio\5.0\Bpl\odac105.bpl">Oracle Data Access Components</Excluded_Packages>
      <Excluded_Packages Name="$(BDS)\bin\dcloffice2k100.bpl">Microsoft Office 2000 Sample Automation Server Wrapper Components</Excluded_Packages>
      <Excluded_Packages Name="$(BDS)\bin\dclofficexp100.bpl">Microsoft Office XP Sample Automation Server Wrapper Components</Excluded_Packages>
    </Excluded_Packages></Delphi.Personality></BorlandProject></BorlandProject>
  </ProjectExtensions>
  <Import Project="$(MSBuildBinPath)\Borland.Delphi.Targets" />
  <ItemGroup>
    <DelphiCompile Include="kass_svod.dpr">
      <MainSource>MainSource</MainSource>
    </DelphiCompile>
    <DCCReference Include="DataM.pas">
      <Form>DM</Form>
      <DesignClass>TDataModule</DesignClass>
    </DCCReference>
    <DCCReference Include="debt_f.pas">
      <Form>debt</Form>
    </DCCReference>
    <DCCReference Include="deb_edit_f.pas">
      <Form>deb_edit</Form>
    </DCCReference>
    <DCCReference Include="deleted_form.pas">
      <Form>frm_deleted</Form>
    </DCCReference>
    <DCCReference Include="Globals.pas" />
    <DCCReference Include="help_add_f.pas">
      <Form>help_add</Form>
    </DCCReference>
    <DCCReference Include="help_cash_f.pas">
      <Form>help_cash</Form>
    </DCCReference>
    <DCCReference Include="import_debet_f.pas">
      <Form>import_debet</Form>
    </DCCReference>
    <DCCReference Include="nakl_edit_f.pas">
      <Form>nakl_edit</Form>
    </DCCReference>
    <DCCReference Include="operations_f.pas">
      <Form>options</Form>
    </DCCReference>
    <DCCReference Include="statistic_f.pas">
      <Form>statistic</Form>
    </DCCReference>
    <DCCReference Include="svod_f.pas">
      <Form>svod</Form>
    </DCCReference>
    <DCCReference Include="UCashSettings.pas">
      <Form>frmCashSettings</Form>
    </DCCReference>
    <DCCReference Include="UFullInfo.pas">
      <Form>frm_full_info</Form>
    </DCCReference>
    <DCCReference Include="UStat.pas">
      <Form>frm_stat</Form>
    </DCCReference>
    <DCCReference Include="Usvod_curr.pas">
      <Form>frm_svod_curr</Form>
    </DCCReference>
  </ItemGroup>
</Project>